<?xml version="1.0" encoding="UTF-8"?>
<Scheme>
   <BuildAction
      buildConfiguration = "Release">
      <BuildableProductReferences>
         <BuildableProductReference
            BuildableProductIdentifier = "Spotio.bundle">
         </BuildableProductReference>
      </BuildableProductReferences>
   </BuildAction>
   <TestAction>
   </TestAction>
   <LaunchAction
      selectedDebuggerIdentifier = "Xcode.DebuggerFoundation.Debugger.LLDB"
      selectedLauncherIdentifier = "Xcode.DebuggerFoundation.Launcher.LLDB">
      <AdditionalOptions>
      </AdditionalOptions>
   </LaunchAction>
</Scheme>
